
Microsoft Visual Studio Solution File, Format Version 12.00
# Visual Studio Version 16
VisualStudioVersion = 16.0.30320.27
MinimumVisualStudioVersion = 10.0.40219.1
Project("{FAE04EC0-301F-11D3-BF4B-00C04F79EFBC}") = "PortaltheNoticias", "PortaltheNoticias\PortaltheNoticias.csproj", "{628BF4E9-A90D-4ED7-8D27-A1B8D432AE53}"
EndProject
Global
	GlobalSection(SolutionConfigurationPlatforms) = preSolution
		Debug|Any CPU = Debug|Any CPU
		Release|Any CPU = Release|Any CPU
	EndGlobalSection
	GlobalSection(ProjectConfigurationPlatforms) = postSolution
		{628BF4E9-A90D-4ED7-8D27-A1B8D432AE53}.Debug|Any CPU.ActiveCfg = Debug|Any CPU
		{628BF4E9-A90D-4ED7-8D27-A1B8D432AE53}.Debug|Any CPU.Build.0 = Debug|Any CPU
		{628BF4E9-A90D-4ED7-8D27-A1B8D432AE53}.Release|Any CPU.ActiveCfg = Release|Any CPU
		{628BF4E9-A90D-4ED7-8D27-A1B8D432AE53}.Release|Any CPU.Build.0 = Release|Any CPU
	EndGlobalSection
	GlobalSection(SolutionProperties) = preSolution
		HideSolutionNode = FALSE
	EndGlobalSection
	GlobalSection(ExtensibilityGlobals) = postSolution
		SolutionGuid = {CE45A430-F667-4575-8A21-5F445D2741B5}
	EndGlobalSection
EndGlobal
